{
  "name": "ts_demo",
  "version": "1.0.0",
  "lockfileVersion": 1,
  "requires": true,
  "dependencies": {
    "typescript": {
      "version": "4.0.0-beta",
      "resolved": "https://registry.npmjs.org/typescript/-/typescript-4.0.0-beta.tgz",
      "integrity": "sha512-d3s/CogGtB2uPZ2Z8ts6eoUxxyB9PH3R27/UrzvpthuOvpCg4FWWnBbBiqJ0K4eu6eTlgmLiqQkh2dquReJweA=="
    }
  }
}
